
Microsoft Visual Studio Solution File, Format Version 12.00
# Visual Studio Version 17
VisualStudioVersion = 17.14.36121.58
MinimumVisualStudioVersion = 10.0.40219.1
Project("{FAE04EC0-301F-11D3-BF4B-00C04F79EFBC}") = "Presentacion", "Presentacion.csproj", "{EEE228A0-5B6E-4DB8-9A2E-3EF2B16DAFB4}"
EndProject
Project("{2150E333-8FDC-42A3-9474-1A3956D46DE8}") = "Proyecto", "Proyecto", "{02EA681E-C7D8-13C7-8484-4AC65E1B71E8}"
EndProject
Project("{FAE04EC0-301F-11D3-BF4B-00C04F79EFBC}") = "Datos", "..\Datos\Datos.csproj", "{21BA7827-4CB2-4023-852C-E52E77A5F586}"
EndProject
Global
	GlobalSection(SolutionConfigurationPlatforms) = preSolution
		Debug|Any CPU = Debug|Any CPU
		Release|Any CPU = Release|Any CPU
	EndGlobalSection
	GlobalSection(ProjectConfigurationPlatforms) = postSolution
		{EEE228A0-5B6E-4DB8-9A2E-3EF2B16DAFB4}.Debug|Any CPU.ActiveCfg = Debug|Any CPU
		{EEE228A0-5B6E-4DB8-9A2E-3EF2B16DAFB4}.Debug|Any CPU.Build.0 = Debug|Any CPU
		{EEE228A0-5B6E-4DB8-9A2E-3EF2B16DAFB4}.Release|Any CPU.ActiveCfg = Release|Any CPU
		{EEE228A0-5B6E-4DB8-9A2E-3EF2B16DAFB4}.Release|Any CPU.Build.0 = Release|Any CPU
		{21BA7827-4CB2-4023-852C-E52E77A5F586}.Debug|Any CPU.ActiveCfg = Debug|Any CPU
		{21BA7827-4CB2-4023-852C-E52E77A5F586}.Debug|Any CPU.Build.0 = Debug|Any CPU
		{21BA7827-4CB2-4023-852C-E52E77A5F586}.Release|Any CPU.ActiveCfg = Release|Any CPU
		{21BA7827-4CB2-4023-852C-E52E77A5F586}.Release|Any CPU.Build.0 = Release|Any CPU
	EndGlobalSection
	GlobalSection(SolutionProperties) = preSolution
		HideSolutionNode = FALSE
	EndGlobalSection
	GlobalSection(NestedProjects) = preSolution
		{EEE228A0-5B6E-4DB8-9A2E-3EF2B16DAFB4} = {02EA681E-C7D8-13C7-8484-4AC65E1B71E8}
		{21BA7827-4CB2-4023-852C-E52E77A5F586} = {02EA681E-C7D8-13C7-8484-4AC65E1B71E8}
	EndGlobalSection
	GlobalSection(ExtensibilityGlobals) = postSolution
		SolutionGuid = {020AE2DD-AA06-4E52-8001-8A787416ABDF}
	EndGlobalSection
EndGlobal
