
Microsoft Visual Studio Solution File, Format Version 12.00
# Visual Studio Version 17
VisualStudioVersion = 17.14.36121.58 d17.14
MinimumVisualStudioVersion = 10.0.40219.1
Project("{FAE04EC0-301F-11D3-BF4B-00C04F79EFBC}") = "Vistas", "Vistas\Vistas.csproj", "{4EF7614B-873C-40BB-9C39-C6E354CC1322}"
EndProject
Project("{FAE04EC0-301F-11D3-BF4B-00C04F79EFBC}") = "Negocio", "Negocio\Negocio.csproj", "{F797666E-29D5-4207-8A62-833D8C4E6F58}"
EndProject
Project("{FAE04EC0-301F-11D3-BF4B-00C04F79EFBC}") = "Datos", "Datos\Datos.csproj", "{604D22B0-83B3-41F8-B866-81E1A43FD453}"
EndProject
Project("{FAE04EC0-301F-11D3-BF4B-00C04F79EFBC}") = "Persistencia", "Persistencia\Persistencia.csproj", "{9369CFD7-8FF2-40A0-869F-ED3CC9B24B0E}"
EndProject
Global
	GlobalSection(SolutionConfigurationPlatforms) = preSolution
		Debug|Any CPU = Debug|Any CPU
		Release|Any CPU = Release|Any CPU
	EndGlobalSection
	GlobalSection(ProjectConfigurationPlatforms) = postSolution
		{4EF7614B-873C-40BB-9C39-C6E354CC1322}.Debug|Any CPU.ActiveCfg = Debug|Any CPU
		{4EF7614B-873C-40BB-9C39-C6E354CC1322}.Debug|Any CPU.Build.0 = Debug|Any CPU
		{4EF7614B-873C-40BB-9C39-C6E354CC1322}.Release|Any CPU.ActiveCfg = Release|Any CPU
		{4EF7614B-873C-40BB-9C39-C6E354CC1322}.Release|Any CPU.Build.0 = Release|Any CPU
		{F797666E-29D5-4207-8A62-833D8C4E6F58}.Debug|Any CPU.ActiveCfg = Debug|Any CPU
		{F797666E-29D5-4207-8A62-833D8C4E6F58}.Debug|Any CPU.Build.0 = Debug|Any CPU
		{F797666E-29D5-4207-8A62-833D8C4E6F58}.Release|Any CPU.ActiveCfg = Release|Any CPU
		{F797666E-29D5-4207-8A62-833D8C4E6F58}.Release|Any CPU.Build.0 = Release|Any CPU
		{604D22B0-83B3-41F8-B866-81E1A43FD453}.Debug|Any CPU.ActiveCfg = Debug|Any CPU
		{604D22B0-83B3-41F8-B866-81E1A43FD453}.Debug|Any CPU.Build.0 = Debug|Any CPU
		{604D22B0-83B3-41F8-B866-81E1A43FD453}.Release|Any CPU.ActiveCfg = Release|Any CPU
		{604D22B0-83B3-41F8-B866-81E1A43FD453}.Release|Any CPU.Build.0 = Release|Any CPU
		{9369CFD7-8FF2-40A0-869F-ED3CC9B24B0E}.Debug|Any CPU.ActiveCfg = Debug|Any CPU
		{9369CFD7-8FF2-40A0-869F-ED3CC9B24B0E}.Debug|Any CPU.Build.0 = Debug|Any CPU
		{9369CFD7-8FF2-40A0-869F-ED3CC9B24B0E}.Release|Any CPU.ActiveCfg = Release|Any CPU
		{9369CFD7-8FF2-40A0-869F-ED3CC9B24B0E}.Release|Any CPU.Build.0 = Release|Any CPU
	EndGlobalSection
	GlobalSection(SolutionProperties) = preSolution
		HideSolutionNode = FALSE
	EndGlobalSection
	GlobalSection(ExtensibilityGlobals) = postSolution
		SolutionGuid = {2EBE212B-339C-4D25-B8F8-5DB46289AE97}
	EndGlobalSection
EndGlobal
